// !$*UTF8*$!
{
	archiveVersion = 1;
	classes = {
	};
	objectVersion = 48;
	objects = {

/* Begin PBXBuildFile section */
		091FDACBCDB0CD2F2CED6315 /* Pods_FidelioAPP.framework in Frameworks */ = {isa = PBXBuildFile; fileRef = 74382C8E0D3F3983BDB0AD02 /* Pods_FidelioAPP.framework */; };
		952D17D62126F2B900777352 /* ClienteUpdateClient.swift in Sources */ = {isa = PBXBuildFile; fileRef = 952D17D52126F2B900777352 /* ClienteUpdateClient.swift */; };
		9536DEED20B8A67300DC97ED /* ClienteClient.swift in Sources */ = {isa = PBXBuildFile; fileRef = 9536DEEC20B8A67300DC97ED /* ClienteClient.swift */; };
		9538B7BF20B1E6E0003C2725 /* Endpoint.swift in Sources */ = {isa = PBXBuildFile; fileRef = 9538B7BE20B1E6E0003C2725 /* Endpoint.swift */; };
		9538B7C120B1E6F2003C2725 /* GenericAPIClient.swift in Sources */ = {isa = PBXBuildFile; fileRef = 9538B7C020B1E6F2003C2725 /* GenericAPIClient.swift */; };
		9538B7C320B1E6FF003C2725 /* Result.swift in Sources */ = {isa = PBXBuildFile; fileRef = 9538B7C220B1E6FF003C2725 /* Result.swift */; };
		9538B7C520B1E70D003C2725 /* LoginClient.swift in Sources */ = {isa = PBXBuildFile; fileRef = 9538B7C420B1E70D003C2725 /* LoginClient.swift */; };
		95488ACB2121C77400516B64 /* viewModificaClienteController.swift in Sources */ = {isa = PBXBuildFile; fileRef = 95488ACA2121C77400516B64 /* viewModificaClienteController.swift */; };
		954892AE20B75D0800E81D6E /* ClientiClient.swift in Sources */ = {isa = PBXBuildFile; fileRef = 954892AD20B75D0800E81D6E /* ClientiClient.swift */; };
		954892B020B75D1400E81D6E /* Clienti.swift in Sources */ = {isa = PBXBuildFile; fileRef = 954892AF20B75D1400E81D6E /* Clienti.swift */; };
		956E6D0720D3092A0027F22A /* logo-green.png in Resources */ = {isa = PBXBuildFile; fileRef = 956E6D0620D3092A0027F22A /* logo-green.png */; };
		95785B6C2097777A005CA31C /* CameraController.swift in Sources */ = {isa = PBXBuildFile; fileRef = 95785B6B2097777A005CA31C /* CameraController.swift */; };
		957957C420C2EF7000DBFF14 /* ClienteAcquistiClient.swift in Sources */ = {isa = PBXBuildFile; fileRef = 957957C320C2EF7000DBFF14 /* ClienteAcquistiClient.swift */; };
		957957C920C2F10800DBFF14 /* viewClienteAcquistiController.swift in Sources */ = {isa = PBXBuildFile; fileRef = 957957C820C2F10800DBFF14 /* viewClienteAcquistiController.swift */; };
		957957CD20C2F18600DBFF14 /* cellClienteAcquistiController.swift in Sources */ = {isa = PBXBuildFile; fileRef = 957957CC20C2F18600DBFF14 /* cellClienteAcquistiController.swift */; };
		957D9ECC2094DAA10009F7D0 /* viewClientiController.swift in Sources */ = {isa = PBXBuildFile; fileRef = 957D9ECB2094DAA10009F7D0 /* viewClientiController.swift */; };
		957D9ECF2094E0D50009F7D0 /* Cliente.swift in Sources */ = {isa = PBXBuildFile; fileRef = 957D9ECE2094E0D50009F7D0 /* Cliente.swift */; };
		95888A1C20D52FB9003C65E7 /* AppColor.swift in Sources */ = {isa = PBXBuildFile; fileRef = 95888A1B20D52FB9003C65E7 /* AppColor.swift */; };
		9588EBE6209F225D004024D7 /* Login.swift in Sources */ = {isa = PBXBuildFile; fileRef = 9588EBE5209F225D004024D7 /* Login.swift */; };
		9589B7B9211707BF001053F8 /* Provincia.swift in Sources */ = {isa = PBXBuildFile; fileRef = 9589B7B8211707BF001053F8 /* Provincia.swift */; };
		9589B7BB211708AF001053F8 /* ProvinceClient.swift in Sources */ = {isa = PBXBuildFile; fileRef = 9589B7BA211708AF001053F8 /* ProvinceClient.swift */; };
		9589B7BF21170995001053F8 /* Province.swift in Sources */ = {isa = PBXBuildFile; fileRef = 9589B7BE21170995001053F8 /* Province.swift */; };
		958FA8062092430800F91F0D /* AppDelegate.swift in Sources */ = {isa = PBXBuildFile; fileRef = 958FA8052092430800F91F0D /* AppDelegate.swift */; };
		958FA8082092430800F91F0D /* ViewLoginController.swift in Sources */ = {isa = PBXBuildFile; fileRef = 958FA8072092430800F91F0D /* ViewLoginController.swift */; };
		958FA80B2092430800F91F0D /* Main.storyboard in Resources */ = {isa = PBXBuildFile; fileRef = 958FA8092092430800F91F0D /* Main.storyboard */; };
		958FA80D2092430800F91F0D /* Assets.xcassets in Resources */ = {isa = PBXBuildFile; fileRef = 958FA80C2092430800F91F0D /* Assets.xcassets */; };
		958FA8102092430800F91F0D /* LaunchScreen.storyboard in Resources */ = {isa = PBXBuildFile; fileRef = 958FA80E2092430800F91F0D /* LaunchScreen.storyboard */; };
		958FA81C20926D8500F91F0D /* MainMenuController.swift in Sources */ = {isa = PBXBuildFile; fileRef = 958FA81B20926D8500F91F0D /* MainMenuController.swift */; };
		9591108920E7AE6A000B1B44 /* ParametriUrl.swift in Sources */ = {isa = PBXBuildFile; fileRef = 9591108820E7AE6A000B1B44 /* ParametriUrl.swift */; };
		9597163F20DAF83D001EE536 /* qrCodeTest.png in Resources */ = {isa = PBXBuildFile; fileRef = 9597163E20DAF83D001EE536 /* qrCodeTest.png */; };
		959860AE20BAC81900B77638 /* cellClientiController.swift in Sources */ = {isa = PBXBuildFile; fileRef = 959860AD20BAC81900B77638 /* cellClientiController.swift */; };
		9598E0AD20BDD09F00F46ED5 /* viewDettaglioClienteController.swift in Sources */ = {isa = PBXBuildFile; fileRef = 9598E0AC20BDD09F00F46ED5 /* viewDettaglioClienteController.swift */; };
		9599DB0920DE5C1600981415 /* cellStoricoAcquisti.swift in Sources */ = {isa = PBXBuildFile; fileRef = 9599DB0820DE5C1600981415 /* cellStoricoAcquisti.swift */; };
		95A23C4820C1C62200FEAF4D /* Acquisti.swift in Sources */ = {isa = PBXBuildFile; fileRef = 95A23C4720C1C62200FEAF4D /* Acquisti.swift */; };
		95A23C4A20C1C65C00FEAF4D /* Acquisto.swift in Sources */ = {isa = PBXBuildFile; fileRef = 95A23C4920C1C65C00FEAF4D /* Acquisto.swift */; };
		95A23C4E20C1CAA100FEAF4D /* AcquistiClient.swift in Sources */ = {isa = PBXBuildFile; fileRef = 95A23C4D20C1CAA100FEAF4D /* AcquistiClient.swift */; };
		95B42BF42132B6B8004CD78D /* viewProvinceController.swift in Sources */ = {isa = PBXBuildFile; fileRef = 95B42BF32132B6B8004CD78D /* viewProvinceController.swift */; };
		95B42BF62132B6D3004CD78D /* cellProvinceController.swift in Sources */ = {isa = PBXBuildFile; fileRef = 95B42BF52132B6D3004CD78D /* cellProvinceController.swift */; };
		95B45D3520C1CE8600809321 /* viewStoricoAcquistiController.swift in Sources */ = {isa = PBXBuildFile; fileRef = 95B45D3420C1CE8600809321 /* viewStoricoAcquistiController.swift */; };
		95B45D3720C1D1A600809321 /* LocalStorage.swift in Sources */ = {isa = PBXBuildFile; fileRef = 95B45D3620C1D1A600809321 /* LocalStorage.swift */; };
		95D331AD2095D5A30036178A /* viewAcquisto.swift in Sources */ = {isa = PBXBuildFile; fileRef = 95D331AC2095D5A30036178A /* viewAcquisto.swift */; };
/* End PBXBuildFile section */

/* Begin PBXFileReference section */
		3E7386C42C6A786B9FB1C449 /* Pods-FidelioAPP.debug.xcconfig */ = {isa = PBXFileReference; includeInIndex = 1; lastKnownFileType = text.xcconfig; name = "Pods-FidelioAPP.debug.xcconfig"; path = "Pods/Target Support Files/Pods-FidelioAPP/Pods-FidelioAPP.debug.xcconfig"; sourceTree = "<group>"; };
		4D558844C5CEB51BBBA5D336 /* Pods-FidelioAPP.release.xcconfig */ = {isa = PBXFileReference; includeInIndex = 1; lastKnownFileType = text.xcconfig; name = "Pods-FidelioAPP.release.xcconfig"; path = "Pods/Target Support Files/Pods-FidelioAPP/Pods-FidelioAPP.release.xcconfig"; sourceTree = "<group>"; };
		74382C8E0D3F3983BDB0AD02 /* Pods_FidelioAPP.framework */ = {isa = PBXFileReference; explicitFileType = wrapper.framework; includeInIndex = 0; path = Pods_FidelioAPP.framework; sourceTree = BUILT_PRODUCTS_DIR; };
		952D17D52126F2B900777352 /* ClienteUpdateClient.swift */ = {isa = PBXFileReference; lastKnownFileType = sourcecode.swift; path = ClienteUpdateClient.swift; sourceTree = "<group>"; };
		9536DEEC20B8A67300DC97ED /* ClienteClient.swift */ = {isa = PBXFileReference; lastKnownFileType = sourcecode.swift; path = ClienteClient.swift; sourceTree = "<group>"; };
		9538B7BE20B1E6E0003C2725 /* Endpoint.swift */ = {isa = PBXFileReference; lastKnownFileType = sourcecode.swift; path = Endpoint.swift; sourceTree = "<group>"; };
		9538B7C020B1E6F2003C2725 /* GenericAPIClient.swift */ = {isa = PBXFileReference; lastKnownFileType = sourcecode.swift; path = GenericAPIClient.swift; sourceTree = "<group>"; };
		9538B7C220B1E6FF003C2725 /* Result.swift */ = {isa = PBXFileReference; lastKnownFileType = sourcecode.swift; path = Result.swift; sourceTree = "<group>"; };
		9538B7C420B1E70D003C2725 /* LoginClient.swift */ = {isa = PBXFileReference; lastKnownFileType = sourcecode.swift; path = LoginClient.swift; sourceTree = "<group>"; };
		95488ACA2121C77400516B64 /* viewModificaClienteController.swift */ = {isa = PBXFileReference; lastKnownFileType = sourcecode.swift; path = viewModificaClienteController.swift; sourceTree = "<group>"; };
		954892AD20B75D0800E81D6E /* ClientiClient.swift */ = {isa = PBXFileReference; lastKnownFileType = sourcecode.swift; path = ClientiClient.swift; sourceTree = "<group>"; };
		954892AF20B75D1400E81D6E /* Clienti.swift */ = {isa = PBXFileReference; lastKnownFileType = sourcecode.swift; path = Clienti.swift; sourceTree = "<group>"; };
		956E6D0620D3092A0027F22A /* logo-green.png */ = {isa = PBXFileReference; lastKnownFileType = image.png; path = "logo-green.png"; sourceTree = "<group>"; };
		95785B6B2097777A005CA31C /* CameraController.swift */ = {isa = PBXFileReference; fileEncoding = 4; lastKnownFileType = sourcecode.swift; path = CameraController.swift; sourceTree = "<group>"; };
		957957C320C2EF7000DBFF14 /* ClienteAcquistiClient.swift */ = {isa = PBXFileReference; lastKnownFileType = sourcecode.swift; path = ClienteAcquistiClient.swift; sourceTree = "<group>"; };
		957957C820C2F10800DBFF14 /* viewClienteAcquistiController.swift */ = {isa = PBXFileReference; lastKnownFileType = sourcecode.swift; path = viewClienteAcquistiController.swift; sourceTree = "<group>"; };
		957957CC20C2F18600DBFF14 /* cellClienteAcquistiController.swift */ = {isa = PBXFileReference; lastKnownFileType = sourcecode.swift; path = cellClienteAcquistiController.swift; sourceTree = "<group>"; };
		957D9ECB2094DAA10009F7D0 /* viewClientiController.swift */ = {isa = PBXFileReference; lastKnownFileType = sourcecode.swift; path = viewClientiController.swift; sourceTree = "<group>"; };
		957D9ECE2094E0D50009F7D0 /* Cliente.swift */ = {isa = PBXFileReference; lastKnownFileType = sourcecode.swift; path = Cliente.swift; sourceTree = "<group>"; };
		95888A1B20D52FB9003C65E7 /* AppColor.swift */ = {isa = PBXFileReference; lastKnownFileType = sourcecode.swift; path = AppColor.swift; sourceTree = "<group>"; };
		9588EBE5209F225D004024D7 /* Login.swift */ = {isa = PBXFileReference; lastKnownFileType = sourcecode.swift; path = Login.swift; sourceTree = "<group>"; };
		9589B7B8211707BF001053F8 /* Provincia.swift */ = {isa = PBXFileReference; lastKnownFileType = sourcecode.swift; path = Provincia.swift; sourceTree = "<group>"; };
		9589B7BA211708AF001053F8 /* ProvinceClient.swift */ = {isa = PBXFileReference; lastKnownFileType = sourcecode.swift; path = ProvinceClient.swift; sourceTree = "<group>"; };
		9589B7BE21170995001053F8 /* Province.swift */ = {isa = PBXFileReference; lastKnownFileType = sourcecode.swift; path = Province.swift; sourceTree = "<group>"; };
		958FA8022092430800F91F0D /* FidelioAPP.app */ = {isa = PBXFileReference; explicitFileType = wrapper.application; includeInIndex = 0; path = FidelioAPP.app; sourceTree = BUILT_PRODUCTS_DIR; };
		958FA8052092430800F91F0D /* AppDelegate.swift */ = {isa = PBXFileReference; lastKnownFileType = sourcecode.swift; path = AppDelegate.swift; sourceTree = "<group>"; };
		958FA8072092430800F91F0D /* ViewLoginController.swift */ = {isa = PBXFileReference; lastKnownFileType = sourcecode.swift; path = ViewLoginController.swift; sourceTree = "<group>"; };
		958FA80A2092430800F91F0D /* Base */ = {isa = PBXFileReference; lastKnownFileType = file.storyboard; name = Base; path = Base.lproj/Main.storyboard; sourceTree = "<group>"; };
		958FA80C2092430800F91F0D /* Assets.xcassets */ = {isa = PBXFileReference; lastKnownFileType = folder.assetcatalog; path = Assets.xcassets; sourceTree = "<group>"; };
		958FA80F2092430800F91F0D /* Base */ = {isa = PBXFileReference; lastKnownFileType = file.storyboard; name = Base; path = Base.lproj/LaunchScreen.storyboard; sourceTree = "<group>"; };
		958FA8112092430800F91F0D /* Info.plist */ = {isa = PBXFileReference; lastKnownFileType = text.plist.xml; path = Info.plist; sourceTree = "<group>"; };
		958FA81B20926D8500F91F0D /* MainMenuController.swift */ = {isa = PBXFileReference; lastKnownFileType = sourcecode.swift; path = MainMenuController.swift; sourceTree = "<group>"; };
		9591108820E7AE6A000B1B44 /* ParametriUrl.swift */ = {isa = PBXFileReference; lastKnownFileType = sourcecode.swift; path = ParametriUrl.swift; sourceTree = "<group>"; };
		9597163E20DAF83D001EE536 /* qrCodeTest.png */ = {isa = PBXFileReference; lastKnownFileType = image.png; path = qrCodeTest.png; sourceTree = "<group>"; };
		959860AD20BAC81900B77638 /* cellClientiController.swift */ = {isa = PBXFileReference; lastKnownFileType = sourcecode.swift; path = cellClientiController.swift; sourceTree = "<group>"; };
		9598E0AC20BDD09F00F46ED5 /* viewDettaglioClienteController.swift */ = {isa = PBXFileReference; lastKnownFileType = sourcecode.swift; path = viewDettaglioClienteController.swift; sourceTree = "<group>"; };
		9599DB0820DE5C1600981415 /* cellStoricoAcquisti.swift */ = {isa = PBXFileReference; lastKnownFileType = sourcecode.swift; path = cellStoricoAcquisti.swift; sourceTree = "<group>"; };
		95A23C4720C1C62200FEAF4D /* Acquisti.swift */ = {isa = PBXFileReference; lastKnownFileType = sourcecode.swift; path = Acquisti.swift; sourceTree = "<group>"; };
		95A23C4920C1C65C00FEAF4D /* Acquisto.swift */ = {isa = PBXFileReference; lastKnownFileType = sourcecode.swift; path = Acquisto.swift; sourceTree = "<group>"; };
		95A23C4D20C1CAA100FEAF4D /* AcquistiClient.swift */ = {isa = PBXFileReference; lastKnownFileType = sourcecode.swift; path = AcquistiClient.swift; sourceTree = "<group>"; };
		95B42BF32132B6B8004CD78D /* viewProvinceController.swift */ = {isa = PBXFileReference; lastKnownFileType = sourcecode.swift; path = viewProvinceController.swift; sourceTree = "<group>"; };
		95B42BF52132B6D3004CD78D /* cellProvinceController.swift */ = {isa = PBXFileReference; lastKnownFileType = sourcecode.swift; path = cellProvinceController.swift; sourceTree = "<group>"; };
		95B45D3420C1CE8600809321 /* viewStoricoAcquistiController.swift */ = {isa = PBXFileReference; lastKnownFileType = sourcecode.swift; path = viewStoricoAcquistiController.swift; sourceTree = "<group>"; };
		95B45D3620C1D1A600809321 /* LocalStorage.swift */ = {isa = PBXFileReference; lastKnownFileType = sourcecode.swift; path = LocalStorage.swift; sourceTree = "<group>"; };
		95D331AC2095D5A30036178A /* viewAcquisto.swift */ = {isa = PBXFileReference; lastKnownFileType = sourcecode.swift; path = viewAcquisto.swift; sourceTree = "<group>"; };
/* End PBXFileReference section */

/* Begin PBXFrameworksBuildPhase section */
		958FA7FF2092430800F91F0D /* Frameworks */ = {
			isa = PBXFrameworksBuildPhase;
			buildActionMask = 2147483647;
			files = (
				091FDACBCDB0CD2F2CED6315 /* Pods_FidelioAPP.framework in Frameworks */,
			);
			runOnlyForDeploymentPostprocessing = 0;
		};
/* End PBXFrameworksBuildPhase section */

/* Begin PBXGroup section */
		1F9DDBDA645BF2E17F426AD2 /* Pods */ = {
			isa = PBXGroup;
			children = (
				3E7386C42C6A786B9FB1C449 /* Pods-FidelioAPP.debug.xcconfig */,
				4D558844C5CEB51BBBA5D336 /* Pods-FidelioAPP.release.xcconfig */,
			);
			name = Pods;
			sourceTree = "<group>";
		};
		952518C02111BCF9002B496F /* Edit Cliente */ = {
			isa = PBXGroup;
			children = (
				95488ACA2121C77400516B64 /* viewModificaClienteController.swift */,
				95B42BF32132B6B8004CD78D /* viewProvinceController.swift */,
				95B42BF52132B6D3004CD78D /* cellProvinceController.swift */,
			);
			path = "Edit Cliente";
			sourceTree = "<group>";
		};
		9538B7BD20B1E6C3003C2725 /* Networking */ = {
			isa = PBXGroup;
			children = (
				9538B7BE20B1E6E0003C2725 /* Endpoint.swift */,
				9538B7C020B1E6F2003C2725 /* GenericAPIClient.swift */,
				9538B7C220B1E6FF003C2725 /* Result.swift */,
				95B45D3620C1D1A600809321 /* LocalStorage.swift */,
				9591108820E7AE6A000B1B44 /* ParametriUrl.swift */,
			);
			path = Networking;
			sourceTree = "<group>";
		};
		9547524220A893A6006C272E /* Camera */ = {
			isa = PBXGroup;
			children = (
				95785B6B2097777A005CA31C /* CameraController.swift */,
			);
			path = Camera;
			sourceTree = "<group>";
		};
		957957C520C2EFC000DBFF14 /* RegistraAcquisti */ = {
			isa = PBXGroup;
			children = (
				95D331AC2095D5A30036178A /* viewAcquisto.swift */,
			);
			path = RegistraAcquisti;
			sourceTree = "<group>";
		};
		957957C620C2EFD700DBFF14 /* StoricoAcquisti */ = {
			isa = PBXGroup;
			children = (
				95B45D3420C1CE8600809321 /* viewStoricoAcquistiController.swift */,
				9599DB0820DE5C1600981415 /* cellStoricoAcquisti.swift */,
			);
			path = StoricoAcquisti;
			sourceTree = "<group>";
		};
		957957C720C2EFE400DBFF14 /* Impostazioni */ = {
			isa = PBXGroup;
			children = (
			);
			path = Impostazioni;
			sourceTree = "<group>";
		};
		957D9ECD2094E0B10009F7D0 /* Models */ = {
			isa = PBXGroup;
			children = (
				9589B7B7211707A9001053F8 /* Province */,
				9599DB0520DE562E00981415 /* Acquisti */,
				9599DB0420DE562100981415 /* Clienti */,
				9599DB0320DE561800981415 /* Login */,
			);
			path = Models;
			sourceTree = "<group>";
		};
		957D9ED02094E4220009F7D0 /* Function */ = {
			isa = PBXGroup;
			children = (
				95888A1A20D52F9B003C65E7 /* Grafica */,
				9547524220A893A6006C272E /* Camera */,
				9538B7BD20B1E6C3003C2725 /* Networking */,
			);
			path = Function;
			sourceTree = "<group>";
		};
		95888A1A20D52F9B003C65E7 /* Grafica */ = {
			isa = PBXGroup;
			children = (
				95888A1B20D52FB9003C65E7 /* AppColor.swift */,
			);
			path = Grafica;
			sourceTree = "<group>";
		};
		9589B7B7211707A9001053F8 /* Province */ = {
			isa = PBXGroup;
			children = (
				9589B7B8211707BF001053F8 /* Provincia.swift */,
				9589B7BE21170995001053F8 /* Province.swift */,
				9589B7BA211708AF001053F8 /* ProvinceClient.swift */,
			);
			path = Province;
			sourceTree = "<group>";
		};
		958FA7F92092430800F91F0D = {
			isa = PBXGroup;
			children = (
				958FA8042092430800F91F0D /* FidelioAPP */,
				958FA8032092430800F91F0D /* Products */,
				1F9DDBDA645BF2E17F426AD2 /* Pods */,
				B36D95AA3205660EE0380D58 /* Frameworks */,
			);
			sourceTree = "<group>";
		};
		958FA8032092430800F91F0D /* Products */ = {
			isa = PBXGroup;
			children = (
				958FA8022092430800F91F0D /* FidelioAPP.app */,
			);
			name = Products;
			sourceTree = "<group>";
		};
		958FA8042092430800F91F0D /* FidelioAPP */ = {
			isa = PBXGroup;
			children = (
				9597163E20DAF83D001EE536 /* qrCodeTest.png */,
				956E6D0620D3092A0027F22A /* logo-green.png */,
				958FA8112092430800F91F0D /* Info.plist */,
				958FA80C2092430800F91F0D /* Assets.xcassets */,
				958FA80E2092430800F91F0D /* LaunchScreen.storyboard */,
				958FA8092092430800F91F0D /* Main.storyboard */,
				958FA8052092430800F91F0D /* AppDelegate.swift */,
				957D9ED02094E4220009F7D0 /* Function */,
				957D9ECD2094E0B10009F7D0 /* Models */,
				958FA81720926A1000F91F0D /* View Controller */,
			);
			path = FidelioAPP;
			sourceTree = "<group>";
		};
		958FA81720926A1000F91F0D /* View Controller */ = {
			isa = PBXGroup;
			children = (
				958FA81920926CA100F91F0D /* Login */,
				958FA81A20926CAC00F91F0D /* MainMenu */,
			);
			path = "View Controller";
			sourceTree = "<group>";
		};
		958FA81920926CA100F91F0D /* Login */ = {
			isa = PBXGroup;
			children = (
				958FA8072092430800F91F0D /* ViewLoginController.swift */,
			);
			path = Login;
			sourceTree = "<group>";
		};
		958FA81A20926CAC00F91F0D /* MainMenu */ = {
			isa = PBXGroup;
			children = (
				958FA81B20926D8500F91F0D /* MainMenuController.swift */,
				959860A820BAC70500B77638 /* Clienti */,
				957957C520C2EFC000DBFF14 /* RegistraAcquisti */,
				957957C620C2EFD700DBFF14 /* StoricoAcquisti */,
				957957C720C2EFE400DBFF14 /* Impostazioni */,
			);
			path = MainMenu;
			sourceTree = "<group>";
		};
		959860A820BAC70500B77638 /* Clienti */ = {
			isa = PBXGroup;
			children = (
				957D9ECB2094DAA10009F7D0 /* viewClientiController.swift */,
				959860AD20BAC81900B77638 /* cellClientiController.swift */,
				952518C02111BCF9002B496F /* Edit Cliente */,
				9599DB0120DE55B000981415 /* Dettaglio Cliente */,
			);
			path = Clienti;
			sourceTree = "<group>";
		};
		9599DB0120DE55B000981415 /* Dettaglio Cliente */ = {
			isa = PBXGroup;
			children = (
				9598E0AC20BDD09F00F46ED5 /* viewDettaglioClienteController.swift */,
				9599DB0220DE55D200981415 /* Acquisti Cliente */,
			);
			path = "Dettaglio Cliente";
			sourceTree = "<group>";
		};
		9599DB0220DE55D200981415 /* Acquisti Cliente */ = {
			isa = PBXGroup;
			children = (
				957957C820C2F10800DBFF14 /* viewClienteAcquistiController.swift */,
				957957CC20C2F18600DBFF14 /* cellClienteAcquistiController.swift */,
			);
			path = "Acquisti Cliente";
			sourceTree = "<group>";
		};
		9599DB0320DE561800981415 /* Login */ = {
			isa = PBXGroup;
			children = (
				9588EBE5209F225D004024D7 /* Login.swift */,
				9538B7C420B1E70D003C2725 /* LoginClient.swift */,
			);
			path = Login;
			sourceTree = "<group>";
		};
		9599DB0420DE562100981415 /* Clienti */ = {
			isa = PBXGroup;
			children = (
				954892AF20B75D1400E81D6E /* Clienti.swift */,
				954892AD20B75D0800E81D6E /* ClientiClient.swift */,
				957D9ECE2094E0D50009F7D0 /* Cliente.swift */,
				9536DEEC20B8A67300DC97ED /* ClienteClient.swift */,
				952D17D52126F2B900777352 /* ClienteUpdateClient.swift */,
			);
			path = Clienti;
			sourceTree = "<group>";
		};
		9599DB0520DE562E00981415 /* Acquisti */ = {
			isa = PBXGroup;
			children = (
				95A23C4720C1C62200FEAF4D /* Acquisti.swift */,
				95A23C4920C1C65C00FEAF4D /* Acquisto.swift */,
				95A23C4D20C1CAA100FEAF4D /* AcquistiClient.swift */,
				957957C320C2EF7000DBFF14 /* ClienteAcquistiClient.swift */,
			);
			path = Acquisti;
			sourceTree = "<group>";
		};
		B36D95AA3205660EE0380D58 /* Frameworks */ = {
			isa = PBXGroup;
			children = (
				74382C8E0D3F3983BDB0AD02 /* Pods_FidelioAPP.framework */,
			);
			name = Frameworks;
			sourceTree = "<group>";
		};
/* End PBXGroup section */

/* Begin PBXNativeTarget section */
		958FA8012092430800F91F0D /* FidelioAPP */ = {
			isa = PBXNativeTarget;
			buildConfigurationList = 958FA8142092430800F91F0D /* Build configuration list for PBXNativeTarget "FidelioAPP" */;
			buildPhases = (
				CE5174C9DD7EFB573C2ACA88 /* [CP] Check Pods Manifest.lock */,
				958FA7FE2092430800F91F0D /* Sources */,
				958FA7FF2092430800F91F0D /* Frameworks */,
				958FA8002092430800F91F0D /* Resources */,
				4B7C9D1031DD947F5C608FB5 /* [CP] Embed Pods Frameworks */,
			);
			buildRules = (
			);
			dependencies = (
			);
			name = FidelioAPP;
			productName = FidelioAPP;
			productReference = 958FA8022092430800F91F0D /* FidelioAPP.app */;
			productType = "com.apple.product-type.application";
		};
/* End PBXNativeTarget section */

/* Begin PBXProject section */
		958FA7FA2092430800F91F0D /* Project object */ = {
			isa = PBXProject;
			attributes = {
				LastSwiftUpdateCheck = 0920;
				LastUpgradeCheck = 0920;
				ORGANIZATIONNAME = Matteo;
				TargetAttributes = {
					958FA8012092430800F91F0D = {
						CreatedOnToolsVersion = 9.2;
						ProvisioningStyle = Automatic;
					};
				};
			};
			buildConfigurationList = 958FA7FD2092430800F91F0D /* Build configuration list for PBXProject "FidelioAPP" */;
			compatibilityVersion = "Xcode 8.0";
			developmentRegion = en;
			hasScannedForEncodings = 0;
			knownRegions = (
				en,
				Base,
			);
			mainGroup = 958FA7F92092430800F91F0D;
			productRefGroup = 958FA8032092430800F91F0D /* Products */;
			projectDirPath = "";
			projectRoot = "";
			targets = (
				958FA8012092430800F91F0D /* FidelioAPP */,
			);
		};
/* End PBXProject section */

/* Begin PBXResourcesBuildPhase section */
		958FA8002092430800F91F0D /* Resources */ = {
			isa = PBXResourcesBuildPhase;
			buildActionMask = 2147483647;
			files = (
				9597163F20DAF83D001EE536 /* qrCodeTest.png in Resources */,
				956E6D0720D3092A0027F22A /* logo-green.png in Resources */,
				958FA8102092430800F91F0D /* LaunchScreen.storyboard in Resources */,
				958FA80D2092430800F91F0D /* Assets.xcassets in Resources */,
				958FA80B2092430800F91F0D /* Main.storyboard in Resources */,
			);
			runOnlyForDeploymentPostprocessing = 0;
		};
/* End PBXResourcesBuildPhase section */

/* Begin PBXShellScriptBuildPhase section */
		4B7C9D1031DD947F5C608FB5 /* [CP] Embed Pods Frameworks */ = {
			isa = PBXShellScriptBuildPhase;
			buildActionMask = 2147483647;
			files = (
			);
			inputPaths = (
				"${SRCROOT}/Pods/Target Support Files/Pods-FidelioAPP/Pods-FidelioAPP-frameworks.sh",
				"${BUILT_PRODUCTS_DIR}/MarqueeLabel/MarqueeLabel.framework",
				"${BUILT_PRODUCTS_DIR}/NotificationBannerSwift/NotificationBannerSwift.framework",
				"${BUILT_PRODUCTS_DIR}/QRCodeReader.swift/QRCodeReader.framework",
				"${BUILT_PRODUCTS_DIR}/SnapKit/SnapKit.framework",
				"${BUILT_PRODUCTS_DIR}/SwiftIcons/SwiftIcons.framework",
			);
			name = "[CP] Embed Pods Frameworks";
			outputPaths = (
				"${TARGET_BUILD_DIR}/${FRAMEWORKS_FOLDER_PATH}/MarqueeLabel.framework",
				"${TARGET_BUILD_DIR}/${FRAMEWORKS_FOLDER_PATH}/NotificationBannerSwift.framework",
				"${TARGET_BUILD_DIR}/${FRAMEWORKS_FOLDER_PATH}/QRCodeReader.framework",
				"${TARGET_BUILD_DIR}/${FRAMEWORKS_FOLDER_PATH}/SnapKit.framework",
				"${TARGET_BUILD_DIR}/${FRAMEWORKS_FOLDER_PATH}/SwiftIcons.framework",
			);
			runOnlyForDeploymentPostprocessing = 0;
			shellPath = /bin/sh;
			shellScript = "\"${SRCROOT}/Pods/Target Support Files/Pods-FidelioAPP/Pods-FidelioAPP-frameworks.sh\"\n";
			showEnvVarsInLog = 0;
		};
		CE5174C9DD7EFB573C2ACA88 /* [CP] Check Pods Manifest.lock */ = {
			isa = PBXShellScriptBuildPhase;
			buildActionMask = 2147483647;
			files = (
			);
			inputPaths = (
				"${PODS_PODFILE_DIR_PATH}/Podfile.lock",
				"${PODS_ROOT}/Manifest.lock",
			);
			name = "[CP] Check Pods Manifest.lock";
			outputPaths = (
				"$(DERIVED_FILE_DIR)/Pods-FidelioAPP-checkManifestLockResult.txt",
			);
			runOnlyForDeploymentPostprocessing = 0;
			shellPath = /bin/sh;
			shellScript = "diff \"${PODS_PODFILE_DIR_PATH}/Podfile.lock\" \"${PODS_ROOT}/Manifest.lock\" > /dev/null\nif [ $? != 0 ] ; then\n    # print error to STDERR\n    echo \"error: The sandbox is not in sync with the Podfile.lock. Run 'pod install' or update your CocoaPods installation.\" >&2\n    exit 1\nfi\n# This output is used by Xcode 'outputs' to avoid re-running this script phase.\necho \"SUCCESS\" > \"${SCRIPT_OUTPUT_FILE_0}\"\n";
			showEnvVarsInLog = 0;
		};
/* End PBXShellScriptBuildPhase section */

/* Begin PBXSourcesBuildPhase section */
		958FA7FE2092430800F91F0D /* Sources */ = {
			isa = PBXSourcesBuildPhase;
			buildActionMask = 2147483647;
			files = (
				9538B7BF20B1E6E0003C2725 /* Endpoint.swift in Sources */,
				957957CD20C2F18600DBFF14 /* cellClienteAcquistiController.swift in Sources */,
				9589B7BB211708AF001053F8 /* ProvinceClient.swift in Sources */,
				95A23C4E20C1CAA100FEAF4D /* AcquistiClient.swift in Sources */,
				95B45D3520C1CE8600809321 /* viewStoricoAcquistiController.swift in Sources */,
				954892AE20B75D0800E81D6E /* ClientiClient.swift in Sources */,
				9538B7C520B1E70D003C2725 /* LoginClient.swift in Sources */,
				959860AE20BAC81900B77638 /* cellClientiController.swift in Sources */,
				9598E0AD20BDD09F00F46ED5 /* viewDettaglioClienteController.swift in Sources */,
				9589B7BF21170995001053F8 /* Province.swift in Sources */,
				95A23C4820C1C62200FEAF4D /* Acquisti.swift in Sources */,
				9591108920E7AE6A000B1B44 /* ParametriUrl.swift in Sources */,
				958FA8082092430800F91F0D /* ViewLoginController.swift in Sources */,
				957D9ECC2094DAA10009F7D0 /* viewClientiController.swift in Sources */,
				95B42BF42132B6B8004CD78D /* viewProvinceController.swift in Sources */,
				958FA8062092430800F91F0D /* AppDelegate.swift in Sources */,
				9589B7B9211707BF001053F8 /* Provincia.swift in Sources */,
				9538B7C320B1E6FF003C2725 /* Result.swift in Sources */,
				95D331AD2095D5A30036178A /* viewAcquisto.swift in Sources */,
				958FA81C20926D8500F91F0D /* MainMenuController.swift in Sources */,
				957957C420C2EF7000DBFF14 /* ClienteAcquistiClient.swift in Sources */,
				95888A1C20D52FB9003C65E7 /* AppColor.swift in Sources */,
				9536DEED20B8A67300DC97ED /* ClienteClient.swift in Sources */,
				9588EBE6209F225D004024D7 /* Login.swift in Sources */,
				95488ACB2121C77400516B64 /* viewModificaClienteController.swift in Sources */,
				954892B020B75D1400E81D6E /* Clienti.swift in Sources */,
				952D17D62126F2B900777352 /* ClienteUpdateClient.swift in Sources */,
				9599DB0920DE5C1600981415 /* cellStoricoAcquisti.swift in Sources */,
				95785B6C2097777A005CA31C /* CameraController.swift in Sources */,
				95B42BF62132B6D3004CD78D /* cellProvinceController.swift in Sources */,
				957957C920C2F10800DBFF14 /* viewClienteAcquistiController.swift in Sources */,
				9538B7C120B1E6F2003C2725 /* GenericAPIClient.swift in Sources */,
				95B45D3720C1D1A600809321 /* LocalStorage.swift in Sources */,
				95A23C4A20C1C65C00FEAF4D /* Acquisto.swift in Sources */,
				957D9ECF2094E0D50009F7D0 /* Cliente.swift in Sources */,
			);
			runOnlyForDeploymentPostprocessing = 0;
		};
/* End PBXSourcesBuildPhase section */

/* Begin PBXVariantGroup section */
		958FA8092092430800F91F0D /* Main.storyboard */ = {
			isa = PBXVariantGroup;
			children = (
				958FA80A2092430800F91F0D /* Base */,
			);
			name = Main.storyboard;
			sourceTree = "<group>";
		};
		958FA80E2092430800F91F0D /* LaunchScreen.storyboard */ = {
			isa = PBXVariantGroup;
			children = (
				958FA80F2092430800F91F0D /* Base */,
			);
			name = LaunchScreen.storyboard;
			sourceTree = "<group>";
		};
/* End PBXVariantGroup section */

/* Begin XCBuildConfiguration section */
		958FA8122092430800F91F0D /* Debug */ = {
			isa = XCBuildConfiguration;
			buildSettings = {
				ALWAYS_SEARCH_USER_PATHS = NO;
				CLANG_ANALYZER_NONNULL = YES;
				CLANG_ANALYZER_NUMBER_OBJECT_CONVERSION = YES_AGGRESSIVE;
				CLANG_CXX_LANGUAGE_STANDARD = "gnu++14";
				CLANG_CXX_LIBRARY = "libc++";
				CLANG_ENABLE_MODULES = YES;
				CLANG_ENABLE_OBJC_ARC = YES;
				CLANG_WARN_BLOCK_CAPTURE_AUTORELEASING = YES;
				CLANG_WARN_BOOL_CONVERSION = YES;
				CLANG_WARN_COMMA = YES;
				CLANG_WARN_CONSTANT_CONVERSION = YES;
				CLANG_WARN_DIRECT_OBJC_ISA_USAGE = YES_ERROR;
				CLANG_WARN_DOCUMENTATION_COMMENTS = YES;
				CLANG_WARN_EMPTY_BODY = YES;
				CLANG_WARN_ENUM_CONVERSION = YES;
				CLANG_WARN_INFINITE_RECURSION = YES;
				CLANG_WARN_INT_CONVERSION = YES;
				CLANG_WARN_NON_LITERAL_NULL_CONVERSION = YES;
				CLANG_WARN_OBJC_LITERAL_CONVERSION = YES;
				CLANG_WARN_OBJC_ROOT_CLASS = YES_ERROR;
				CLANG_WARN_RANGE_LOOP_ANALYSIS = YES;
				CLANG_WARN_STRICT_PROTOTYPES = YES;
				CLANG_WARN_SUSPICIOUS_MOVE = YES;
				CLANG_WARN_UNGUARDED_AVAILABILITY = YES_AGGRESSIVE;
				CLANG_WARN_UNREACHABLE_CODE = YES;
				CLANG_WARN__DUPLICATE_METHOD_MATCH = YES;
				CODE_SIGN_IDENTITY = "iPhone Developer";
				COPY_PHASE_STRIP = NO;
				DEBUG_INFORMATION_FORMAT = dwarf;
				ENABLE_STRICT_OBJC_MSGSEND = YES;
				ENABLE_TESTABILITY = YES;
				GCC_C_LANGUAGE_STANDARD = gnu11;
				GCC_DYNAMIC_NO_PIC = NO;
				GCC_NO_COMMON_BLOCKS = YES;
				GCC_OPTIMIZATION_LEVEL = 0;
				GCC_PREPROCESSOR_DEFINITIONS = (
					"DEBUG=1",
					"$(inherited)",
				);
				GCC_WARN_64_TO_32_BIT_CONVERSION = YES;
				GCC_WARN_ABOUT_RETURN_TYPE = YES_ERROR;
				GCC_WARN_UNDECLARED_SELECTOR = YES;
				GCC_WARN_UNINITIALIZED_AUTOS = YES_AGGRESSIVE;
				GCC_WARN_UNUSED_FUNCTION = YES;
				GCC_WARN_UNUSED_VARIABLE = YES;
				IPHONEOS_DEPLOYMENT_TARGET = 11.2;
				MTL_ENABLE_DEBUG_INFO = YES;
				ONLY_ACTIVE_ARCH = YES;
				SDKROOT = iphoneos;
				SWIFT_ACTIVE_COMPILATION_CONDITIONS = DEBUG;
				SWIFT_OPTIMIZATION_LEVEL = "-Onone";
			};
			name = Debug;
		};
		958FA8132092430800F91F0D /* Release */ = {
			isa = XCBuildConfiguration;
			buildSettings = {
				ALWAYS_SEARCH_USER_PATHS = NO;
				CLANG_ANALYZER_NONNULL = YES;
				CLANG_ANALYZER_NUMBER_OBJECT_CONVERSION = YES_AGGRESSIVE;
				CLANG_CXX_LANGUAGE_STANDARD = "gnu++14";
				CLANG_CXX_LIBRARY = "libc++";
				CLANG_ENABLE_MODULES = YES;
				CLANG_ENABLE_OBJC_ARC = YES;
				CLANG_WARN_BLOCK_CAPTURE_AUTORELEASING = YES;
				CLANG_WARN_BOOL_CONVERSION = YES;
				CLANG_WARN_COMMA = YES;
				CLANG_WARN_CONSTANT_CONVERSION = YES;
				CLANG_WARN_DIRECT_OBJC_ISA_USAGE = YES_ERROR;
				CLANG_WARN_DOCUMENTATION_COMMENTS = YES;
				CLANG_WARN_EMPTY_BODY = YES;
				CLANG_WARN_ENUM_CONVERSION = YES;
				CLANG_WARN_INFINITE_RECURSION = YES;
				CLANG_WARN_INT_CONVERSION = YES;
				CLANG_WARN_NON_LITERAL_NULL_CONVERSION = YES;
				CLANG_WARN_OBJC_LITERAL_CONVERSION = YES;
				CLANG_WARN_OBJC_ROOT_CLASS = YES_ERROR;
				CLANG_WARN_RANGE_LOOP_ANALYSIS = YES;
				CLANG_WARN_STRICT_PROTOTYPES = YES;
				CLANG_WARN_SUSPICIOUS_MOVE = YES;
				CLANG_WARN_UNGUARDED_AVAILABILITY = YES_AGGRESSIVE;
				CLANG_WARN_UNREACHABLE_CODE = YES;
				CLANG_WARN__DUPLICATE_METHOD_MATCH = YES;
				CODE_SIGN_IDENTITY = "iPhone Developer";
				COPY_PHASE_STRIP = NO;
				DEBUG_INFORMATION_FORMAT = "dwarf-with-dsym";
				ENABLE_NS_ASSERTIONS = NO;
				ENABLE_STRICT_OBJC_MSGSEND = YES;
				GCC_C_LANGUAGE_STANDARD = gnu11;
				GCC_NO_COMMON_BLOCKS = YES;
				GCC_WARN_64_TO_32_BIT_CONVERSION = YES;
				GCC_WARN_ABOUT_RETURN_TYPE = YES_ERROR;
				GCC_WARN_UNDECLARED_SELECTOR = YES;
				GCC_WARN_UNINITIALIZED_AUTOS = YES_AGGRESSIVE;
				GCC_WARN_UNUSED_FUNCTION = YES;
				GCC_WARN_UNUSED_VARIABLE = YES;
				IPHONEOS_DEPLOYMENT_TARGET = 11.2;
				MTL_ENABLE_DEBUG_INFO = NO;
				SDKROOT = iphoneos;
				SWIFT_OPTIMIZATION_LEVEL = "-Owholemodule";
				VALIDATE_PRODUCT = YES;
			};
			name = Release;
		};
		958FA8152092430800F91F0D /* Debug */ = {
			isa = XCBuildConfiguration;
			baseConfigurationReference = 3E7386C42C6A786B9FB1C449 /* Pods-FidelioAPP.debug.xcconfig */;
			buildSettings = {
				ASSETCATALOG_COMPILER_APPICON_NAME = AppIcon;
				CODE_SIGN_STYLE = Automatic;
				DEVELOPMENT_TEAM = DGU6EP6FTM;
				INFOPLIST_FILE = FidelioAPP/Info.plist;
				LD_RUNPATH_SEARCH_PATHS = "$(inherited) @executable_path/Frameworks";
				PRODUCT_BUNDLE_IDENTIFIER = "iTeo95.Fidelio-APP";
				PRODUCT_NAME = "$(TARGET_NAME)";
				SWIFT_VERSION = 4.0;
				TARGETED_DEVICE_FAMILY = "1,2";
			};
			name = Debug;
		};
		958FA8162092430800F91F0D /* Release */ = {
			isa = XCBuildConfiguration;
			baseConfigurationReference = 4D558844C5CEB51BBBA5D336 /* Pods-FidelioAPP.release.xcconfig */;
			buildSettings = {
				ASSETCATALOG_COMPILER_APPICON_NAME = AppIcon;
				CODE_SIGN_STYLE = Automatic;
				DEVELOPMENT_TEAM = DGU6EP6FTM;
				INFOPLIST_FILE = FidelioAPP/Info.plist;
				LD_RUNPATH_SEARCH_PATHS = "$(inherited) @executable_path/Frameworks";
				PRODUCT_BUNDLE_IDENTIFIER = "iTeo95.Fidelio-APP";
				PRODUCT_NAME = "$(TARGET_NAME)";
				SWIFT_VERSION = 4.0;
				TARGETED_DEVICE_FAMILY = "1,2";
			};
			name = Release;
		};
/* End XCBuildConfiguration section */

/* Begin XCConfigurationList section */
		958FA7FD2092430800F91F0D /* Build configuration list for PBXProject "FidelioAPP" */ = {
			isa = XCConfigurationList;
			buildConfigurations = (
				958FA8122092430800F91F0D /* Debug */,
				958FA8132092430800F91F0D /* Release */,
			);
			defaultConfigurationIsVisible = 0;
			defaultConfigurationName = Release;
		};
		958FA8142092430800F91F0D /* Build configuration list for PBXNativeTarget "FidelioAPP" */ = {
			isa = XCConfigurationList;
			buildConfigurations = (
				958FA8152092430800F91F0D /* Debug */,
				958FA8162092430800F91F0D /* Release */,
			);
			defaultConfigurationIsVisible = 0;
			defaultConfigurationName = Release;
		};
/* End XCConfigurationList section */
	};
	rootObject = 958FA7FA2092430800F91F0D /* Project object */;
}
